
Microsoft Visual Studio Solution File, Format Version 12.00
# Visual Studio 15
VisualStudioVersion = 15.0.28307.539
MinimumVisualStudioVersion = 10.0.40219.1
Project("{FAE04EC0-301F-11D3-BF4B-00C04F79EFBC}") = "Antik Prov", "Antik Prov\Antik Prov.csproj", "{160F75A9-1A7C-4EE6-A5AC-A50465FC3855}"
EndProject
Global
	GlobalSection(SolutionConfigurationPlatforms) = preSolution
		Debug|Any CPU = Debug|Any CPU
		Release|Any CPU = Release|Any CPU
	EndGlobalSection
	GlobalSection(ProjectConfigurationPlatforms) = postSolution
		{160F75A9-1A7C-4EE6-A5AC-A50465FC3855}.Debug|Any CPU.ActiveCfg = Debug|Any CPU
		{160F75A9-1A7C-4EE6-A5AC-A50465FC3855}.Debug|Any CPU.Build.0 = Debug|Any CPU
		{160F75A9-1A7C-4EE6-A5AC-A50465FC3855}.Release|Any CPU.ActiveCfg = Release|Any CPU
		{160F75A9-1A7C-4EE6-A5AC-A50465FC3855}.Release|Any CPU.Build.0 = Release|Any CPU
	EndGlobalSection
	GlobalSection(SolutionProperties) = preSolution
		HideSolutionNode = FALSE
	EndGlobalSection
	GlobalSection(ExtensibilityGlobals) = postSolution
		SolutionGuid = {A84983BF-C54A-4D9B-BCD8-B9349FF1D287}
	EndGlobalSection
EndGlobal
